
Microsoft Visual Studio Solution File, Format Version 12.00
# Visual Studio Version 16
VisualStudioVersion = 16.0.28803.156
MinimumVisualStudioVersion = 10.0.40219.1
Project("{8BC9CEB8-8B4A-11D0-8D11-00A0C91BC942}") = "STEP1", "STEP1\STEP1.vcxproj", "{558E49B2-E3FE-4382-8EEA-5B139B0D24F9}"
EndProject
Project("{8BC9CEB8-8B4A-11D0-8D11-00A0C91BC942}") = "STEP4", "STEP4\STEP4.vcxproj", "{A063B3ED-F824-4C33-A594-682E09391792}"
EndProject
Project("{8BC9CEB8-8B4A-11D0-8D11-00A0C91BC942}") = "STEP3", "STEP3\STEP3.vcxproj", "{B8C468A2-9E89-4F8F-853A-4339CED5928A}"
EndProject
Project("{8BC9CEB8-8B4A-11D0-8D11-00A0C91BC942}") = "STEP2", "STEP2\STEP2.vcxproj", "{B5C4FF8E-14E8-43B7-880E-8EB3D48BD16F}"
EndProject
Global
	GlobalSection(SolutionConfigurationPlatforms) = preSolution
		Debug|x64 = Debug|x64
		Debug|x86 = Debug|x86
		Release|x64 = Release|x64
		Release|x86 = Release|x86
	EndGlobalSection
	GlobalSection(ProjectConfigurationPlatforms) = postSolution
		{558E49B2-E3FE-4382-8EEA-5B139B0D24F9}.Debug|x64.ActiveCfg = Debug|x64
		{558E49B2-E3FE-4382-8EEA-5B139B0D24F9}.Debug|x64.Build.0 = Debug|x64
		{558E49B2-E3FE-4382-8EEA-5B139B0D24F9}.Debug|x86.ActiveCfg = Debug|Win32
		{558E49B2-E3FE-4382-8EEA-5B139B0D24F9}.Debug|x86.Build.0 = Debug|Win32
		{558E49B2-E3FE-4382-8EEA-5B139B0D24F9}.Release|x64.ActiveCfg = Release|x64
		{558E49B2-E3FE-4382-8EEA-5B139B0D24F9}.Release|x64.Build.0 = Release|x64
		{558E49B2-E3FE-4382-8EEA-5B139B0D24F9}.Release|x86.ActiveCfg = Release|Win32
		{558E49B2-E3FE-4382-8EEA-5B139B0D24F9}.Release|x86.Build.0 = Release|Win32
		{A063B3ED-F824-4C33-A594-682E09391792}.Debug|x64.ActiveCfg = Debug|x64
		{A063B3ED-F824-4C33-A594-682E09391792}.Debug|x64.Build.0 = Debug|x64
		{A063B3ED-F824-4C33-A594-682E09391792}.Debug|x86.ActiveCfg = Debug|Win32
		{A063B3ED-F824-4C33-A594-682E09391792}.Debug|x86.Build.0 = Debug|Win32
		{A063B3ED-F824-4C33-A594-682E09391792}.Release|x64.ActiveCfg = Release|x64
		{A063B3ED-F824-4C33-A594-682E09391792}.Release|x64.Build.0 = Release|x64
		{A063B3ED-F824-4C33-A594-682E09391792}.Release|x86.ActiveCfg = Release|Win32
		{A063B3ED-F824-4C33-A594-682E09391792}.Release|x86.Build.0 = Release|Win32
		{B8C468A2-9E89-4F8F-853A-4339CED5928A}.Debug|x64.ActiveCfg = Debug|x64
		{B8C468A2-9E89-4F8F-853A-4339CED5928A}.Debug|x64.Build.0 = Debug|x64
		{B8C468A2-9E89-4F8F-853A-4339CED5928A}.Debug|x86.ActiveCfg = Debug|Win32
		{B8C468A2-9E89-4F8F-853A-4339CED5928A}.Debug|x86.Build.0 = Debug|Win32
		{B8C468A2-9E89-4F8F-853A-4339CED5928A}.Release|x64.ActiveCfg = Release|x64
		{B8C468A2-9E89-4F8F-853A-4339CED5928A}.Release|x64.Build.0 = Release|x64
		{B8C468A2-9E89-4F8F-853A-4339CED5928A}.Release|x86.ActiveCfg = Release|Win32
		{B8C468A2-9E89-4F8F-853A-4339CED5928A}.Release|x86.Build.0 = Release|Win32
		{B5C4FF8E-14E8-43B7-880E-8EB3D48BD16F}.Debug|x64.ActiveCfg = Debug|x64
		{B5C4FF8E-14E8-43B7-880E-8EB3D48BD16F}.Debug|x64.Build.0 = Debug|x64
		{B5C4FF8E-14E8-43B7-880E-8EB3D48BD16F}.Debug|x86.ActiveCfg = Debug|Win32
		{B5C4FF8E-14E8-43B7-880E-8EB3D48BD16F}.Debug|x86.Build.0 = Debug|Win32
		{B5C4FF8E-14E8-43B7-880E-8EB3D48BD16F}.Release|x64.ActiveCfg = Release|x64
		{B5C4FF8E-14E8-43B7-880E-8EB3D48BD16F}.Release|x64.Build.0 = Release|x64
		{B5C4FF8E-14E8-43B7-880E-8EB3D48BD16F}.Release|x86.ActiveCfg = Release|Win32
		{B5C4FF8E-14E8-43B7-880E-8EB3D48BD16F}.Release|x86.Build.0 = Release|Win32
	EndGlobalSection
	GlobalSection(SolutionProperties) = preSolution
		HideSolutionNode = FALSE
	EndGlobalSection
	GlobalSection(ExtensibilityGlobals) = postSolution
		SolutionGuid = {943E57B6-5F19-4CFA-8E43-DFFF7E90045E}
	EndGlobalSection
EndGlobal
